
Microsoft Visual Studio Solution File, Format Version 12.00
# Visual Studio Version 16
VisualStudioVersion = 16.0.30804.86
MinimumVisualStudioVersion = 10.0.40219.1
Project("{FAE04EC0-301F-11D3-BF4B-00C04F79EFBC}") = "TranserApi", "TranserApi\TranserApi.csproj", "{E8DB39D3-357D-41C5-B950-1BF6B1FDB054}"
EndProject
Project("{FAE04EC0-301F-11D3-BF4B-00C04F79EFBC}") = "TranserApi.Tests", "TranserApi.Tests\TranserApi.Tests.csproj", "{FBFD372F-1AF3-4796-B358-D420A99DD009}"
EndProject
Global
	GlobalSection(SolutionConfigurationPlatforms) = preSolution
		Debug|Any CPU = Debug|Any CPU
		Release|Any CPU = Release|Any CPU
	EndGlobalSection
	GlobalSection(ProjectConfigurationPlatforms) = postSolution
		{E8DB39D3-357D-41C5-B950-1BF6B1FDB054}.Debug|Any CPU.ActiveCfg = Debug|Any CPU
		{E8DB39D3-357D-41C5-B950-1BF6B1FDB054}.Debug|Any CPU.Build.0 = Debug|Any CPU
		{E8DB39D3-357D-41C5-B950-1BF6B1FDB054}.Release|Any CPU.ActiveCfg = Release|Any CPU
		{E8DB39D3-357D-41C5-B950-1BF6B1FDB054}.Release|Any CPU.Build.0 = Release|Any CPU
		{FBFD372F-1AF3-4796-B358-D420A99DD009}.Debug|Any CPU.ActiveCfg = Debug|Any CPU
		{FBFD372F-1AF3-4796-B358-D420A99DD009}.Debug|Any CPU.Build.0 = Debug|Any CPU
		{FBFD372F-1AF3-4796-B358-D420A99DD009}.Release|Any CPU.ActiveCfg = Release|Any CPU
		{FBFD372F-1AF3-4796-B358-D420A99DD009}.Release|Any CPU.Build.0 = Release|Any CPU
	EndGlobalSection
	GlobalSection(SolutionProperties) = preSolution
		HideSolutionNode = FALSE
	EndGlobalSection
	GlobalSection(ExtensibilityGlobals) = postSolution
		SolutionGuid = {7E7C1DBB-5A9A-4BF7-AB1C-68659E9BF17F}
	EndGlobalSection
EndGlobal
